{
    "_meta": {
        "hash": {
            "sha256": "8c5af01fc0520917389cfadc4ef49679891dbf58c29809fad2fe8f5e687f3716"
        },
        "pipfile-spec": 6,
        "requires": {
            "python_version": "3.9"
        },
        "sources": [
            {
                "name": "pypi",
                "url": "https://pypi.org/simple",
                "verify_ssl": true
            }
        ]
    },
    "default": {
        "beautifulsoup4": {
            "hashes": [
                "sha256:492bbc69dca35d12daac71c4db1bfff0c876c00ef4a2ffacce226d4638eb72da",
                "sha256:bd2520ca0d9d7d12694a53d44ac482d181b4ec1888909b035a3dbf40d0f57d4a"
            ],
            "markers": "python_full_version >= '3.6.0'",
            "version": "==4.12.2"
        },
        "bln": {
            "hashes": [
                "sha256:6aefd62a1d6431cc65a4ad8d84f03c086226acf106c430e154c83af6eba96122",
                "sha256:b78d88e3f15b70c7542cd4cbc0cdee3b264df5b689a108510bc7d7032fc65dda"
            ],
            "index": "pypi",
            "version": "==2.3.6"
        },
        "bs4": {
            "hashes": [
                "sha256:36ecea1fd7cc5c0c6e4a1ff075df26d50da647b75376626cc186e2212886dd3a"
            ],
            "version": "==0.0.1"
        },
        "certifi": {
            "hashes": [
                "sha256:539cc1d13202e33ca466e88b2807e29f4c13049d6d87031a3c110744495cb082",
                "sha256:92d6037539857d8206b8f6ae472e8b77db8058fec5937a1ef3f54304089edbb9"
            ],
            "markers": "python_version >= '3.6'",
            "version": "==2023.7.22"
        },
        "cffi": {
            "hashes": [
                "sha256:0c9ef6ff37e974b73c25eecc13952c55bceed9112be2d9d938ded8e856138bcc",
                "sha256:131fd094d1065b19540c3d72594260f118b231090295d8c34e19a7bbcf2e860a",
                "sha256:1b8ebc27c014c59692bb2664c7d13ce7a6e9a629be20e54e7271fa696ff2b417",
                "sha256:2c56b361916f390cd758a57f2e16233eb4f64bcbeee88a4881ea90fca14dc6ab",
                "sha256:2d92b25dbf6cae33f65005baf472d2c245c050b1ce709cc4588cdcdd5495b520",
                "sha256:31d13b0f99e0836b7ff893d37af07366ebc90b678b6664c955b54561fc36ef36",
                "sha256:32c68ef735dbe5857c810328cb2481e24722a59a2003018885514d4c09af9743",
                "sha256:3686dffb02459559c74dd3d81748269ffb0eb027c39a6fc99502de37d501faa8",
                "sha256:582215a0e9adbe0e379761260553ba11c58943e4bbe9c36430c4ca6ac74b15ed",
                "sha256:5b50bf3f55561dac5438f8e70bfcdfd74543fd60df5fa5f62d94e5867deca684",
                "sha256:5bf44d66cdf9e893637896c7faa22298baebcd18d1ddb6d2626a6e39793a1d56",
                "sha256:6602bc8dc6f3a9e02b6c22c4fc1e47aa50f8f8e6d3f78a5e16ac33ef5fefa324",
                "sha256:673739cb539f8cdaa07d92d02efa93c9ccf87e345b9a0b556e3ecc666718468d",
                "sha256:68678abf380b42ce21a5f2abde8efee05c114c2fdb2e9eef2efdb0257fba1235",
                "sha256:68e7c44931cc171c54ccb702482e9fc723192e88d25a0e133edd7aff8fcd1f6e",
                "sha256:6b3d6606d369fc1da4fd8c357d026317fbb9c9b75d36dc16e90e84c26854b088",
                "sha256:748dcd1e3d3d7cd5443ef03ce8685043294ad6bd7c02a38d1bd367cfd968e000",
                "sha256:7651c50c8c5ef7bdb41108b7b8c5a83013bfaa8a935590c5d74627c047a583c7",
                "sha256:7b78010e7b97fef4bee1e896df8a4bbb6712b7f05b7ef630f9d1da00f6444d2e",
                "sha256:7e61e3e4fa664a8588aa25c883eab612a188c725755afff6289454d6362b9673",
                "sha256:80876338e19c951fdfed6198e70bc88f1c9758b94578d5a7c4c91a87af3cf31c",
                "sha256:8895613bcc094d4a1b2dbe179d88d7fb4a15cee43c052e8885783fac397d91fe",
                "sha256:88e2b3c14bdb32e440be531ade29d3c50a1a59cd4e51b1dd8b0865c54ea5d2e2",
                "sha256:8f8e709127c6c77446a8c0a8c8bf3c8ee706a06cd44b1e827c3e6a2ee6b8c098",
                "sha256:9cb4a35b3642fc5c005a6755a5d17c6c8b6bcb6981baf81cea8bfbc8903e8ba8",
                "sha256:9f90389693731ff1f659e55c7d1640e2ec43ff725cc61b04b2f9c6d8d017df6a",
                "sha256:a09582f178759ee8128d9270cd1344154fd473bb77d94ce0aeb2a93ebf0feaf0",
                "sha256:a6a14b17d7e17fa0d207ac08642c8820f84f25ce17a442fd15e27ea18d67c59b",
                "sha256:a72e8961a86d19bdb45851d8f1f08b041ea37d2bd8d4fd19903bc3083d80c896",
                "sha256:abd808f9c129ba2beda4cfc53bde801e5bcf9d6e0f22f095e45327c038bfe68e",
                "sha256:ac0f5edd2360eea2f1daa9e26a41db02dd4b0451b48f7c318e217ee092a213e9",
                "sha256:b29ebffcf550f9da55bec9e02ad430c992a87e5f512cd63388abb76f1036d8d2",
                "sha256:b2ca4e77f9f47c55c194982e10f058db063937845bb2b7a86c84a6cfe0aefa8b",
                "sha256:b7be2d771cdba2942e13215c4e340bfd76398e9227ad10402a8767ab1865d2e6",
                "sha256:b84834d0cf97e7d27dd5b7f3aca7b6e9263c56308ab9dc8aae9784abb774d404",
                "sha256:b86851a328eedc692acf81fb05444bdf1891747c25af7529e39ddafaf68a4f3f",
                "sha256:bcb3ef43e58665bbda2fb198698fcae6776483e0c4a631aa5647806c25e02cc0",
                "sha256:c0f31130ebc2d37cdd8e44605fb5fa7ad59049298b3f745c74fa74c62fbfcfc4",
                "sha256:c6a164aa47843fb1b01e941d385aab7215563bb8816d80ff3a363a9f8448a8dc",
                "sha256:d8a9d3ebe49f084ad71f9269834ceccbf398253c9fac910c4fd7053ff1386936",
                "sha256:db8e577c19c0fda0beb7e0d4e09e0ba74b1e4c092e0e40bfa12fe05b6f6d75ba",
                "sha256:dc9b18bf40cc75f66f40a7379f6a9513244fe33c0e8aa72e2d56b0196a7ef872",
                "sha256:e09f3ff613345df5e8c3667da1d918f9149bd623cd9070c983c013792a9a62eb",
                "sha256:e4108df7fe9b707191e55f33efbcb2d81928e10cea45527879a4749cbe472614",
                "sha256:e6024675e67af929088fda399b2094574609396b1decb609c55fa58b028a32a1",
                "sha256:e70f54f1796669ef691ca07d046cd81a29cb4deb1e5f942003f401c0c4a2695d",
                "sha256:e715596e683d2ce000574bae5d07bd522c781a822866c20495e52520564f0969",
                "sha256:e760191dd42581e023a68b758769e2da259b5d52e3103c6060ddc02c9edb8d7b",
                "sha256:ed86a35631f7bfbb28e108dd96773b9d5a6ce4811cf6ea468bb6a359b256b1e4",
                "sha256:ee07e47c12890ef248766a6e55bd38ebfb2bb8edd4142d56db91b21ea68b7627",
                "sha256:fa3a0128b152627161ce47201262d3140edb5a5c3da88d73a1b790a959126956",
                "sha256:fcc8eb6d5902bb1cf6dc4f187ee3ea80a1eba0a89aba40a5cb20a5087d961357"
            ],
            "markers": "python_version >= '3.8'",
            "version": "==1.16.0"
        },
        "charset-normalizer": {
            "hashes": [
                "sha256:06435b539f889b1f6f4ac1758871aae42dc3a8c0e24ac9e60c2384973ad73027",
                "sha256:06a81e93cd441c56a9b65d8e1d043daeb97a3d0856d177d5c90ba85acb3db087",
                "sha256:0a55554a2fa0d408816b3b5cedf0045f4b8e1a6065aec45849de2d6f3f8e9786",
                "sha256:0b2b64d2bb6d3fb9112bafa732def486049e63de9618b5843bcdd081d8144cd8",
                "sha256:10955842570876604d404661fbccbc9c7e684caf432c09c715ec38fbae45ae09",
                "sha256:122c7fa62b130ed55f8f285bfd56d5f4b4a5b503609d181f9ad85e55c89f4185",
                "sha256:1ceae2f17a9c33cb48e3263960dc5fc8005351ee19db217e9b1bb15d28c02574",
                "sha256:1d3193f4a680c64b4b6a9115943538edb896edc190f0b222e73761716519268e",
                "sha256:1f79682fbe303db92bc2b1136016a38a42e835d932bab5b3b1bfcfbf0640e519",
                "sha256:2127566c664442652f024c837091890cb1942c30937add288223dc895793f898",
                "sha256:22afcb9f253dac0696b5a4be4a1c0f8762f8239e21b99680099abd9b2b1b2269",
                "sha256:25baf083bf6f6b341f4121c2f3c548875ee6f5339300e08be3f2b2ba1721cdd3",
                "sha256:2e81c7b9c8979ce92ed306c249d46894776a909505d8f5a4ba55b14206e3222f",
                "sha256:3287761bc4ee9e33561a7e058c72ac0938c4f57fe49a09eae428fd88aafe7bb6",
                "sha256:34d1c8da1e78d2e001f363791c98a272bb734000fcef47a491c1e3b0505657a8",
                "sha256:37e55c8e51c236f95b033f6fb391d7d7970ba5fe7ff453dad675e88cf303377a",
                "sha256:3d47fa203a7bd9c5b6cee4736ee84ca03b8ef23193c0d1ca99b5089f72645c73",
                "sha256:3e4d1f6587322d2788836a99c69062fbb091331ec940e02d12d179c1d53e25fc",
                "sha256:42cb296636fcc8b0644486d15c12376cb9fa75443e00fb25de0b8602e64c1714",
                "sha256:45485e01ff4d3630ec0d9617310448a8702f70e9c01906b0d0118bdf9d124cf2",
                "sha256:4a78b2b446bd7c934f5dcedc588903fb2f5eec172f3d29e52a9096a43722adfc",
                "sha256:4ab2fe47fae9e0f9dee8c04187ce5d09f48eabe611be8259444906793ab7cbce",
                "sha256:4d0d1650369165a14e14e1e47b372cfcb31d6ab44e6e33cb2d4e57265290044d",
                "sha256:549a3a73da901d5bc3ce8d24e0600d1fa85524c10287f6004fbab87672bf3e1e",
                "sha256:55086ee1064215781fff39a1af09518bc9255b50d6333f2e4c74ca09fac6a8f6",
                "sha256:572c3763a264ba47b3cf708a44ce965d98555f618ca42c926a9c1616d8f34269",
                "sha256:573f6eac48f4769d667c4442081b1794f52919e7edada77495aaed9236d13a96",
                "sha256:5b4c145409bef602a690e7cfad0a15a55c13320ff7a3ad7ca59c13bb8ba4d45d",
                "sha256:6463effa3186ea09411d50efc7d85360b38d5f09b870c48e4600f63af490e56a",
                "sha256:65f6f63034100ead094b8744b3b97965785388f308a64cf8d7c34f2f2e5be0c4",
                "sha256:663946639d296df6a2bb2aa51b60a2454ca1cb29835324c640dafb5ff2131a77",
                "sha256:6897af51655e3691ff853668779c7bad41579facacf5fd7253b0133308cf000d",
                "sha256:68d1f8a9e9e37c1223b656399be5d6b448dea850bed7d0f87a8311f1ff3dabb0",
                "sha256:6ac7ffc7ad6d040517be39eb591cac5ff87416c2537df6ba3cba3bae290c0fed",
                "sha256:6b3251890fff30ee142c44144871185dbe13b11bab478a88887a639655be1068",
                "sha256:6c4caeef8fa63d06bd437cd4bdcf3ffefe6738fb1b25951440d80dc7df8c03ac",
                "sha256:6ef1d82a3af9d3eecdba2321dc1b3c238245d890843e040e41e470ffa64c3e25",
                "sha256:753f10e867343b4511128c6ed8c82f7bec3bd026875576dfd88483c5c73b2fd8",
                "sha256:7cd13a2e3ddeed6913a65e66e94b51d80a041145a026c27e6bb76c31a853c6ab",
                "sha256:7ed9e526742851e8d5cc9e6cf41427dfc6068d4f5a3bb03659444b4cabf6bc26",
                "sha256:7f04c839ed0b6b98b1a7501a002144b76c18fb1c1850c8b98d458ac269e26ed2",
                "sha256:802fe99cca7457642125a8a88a084cef28ff0cf9407060f7b93dca5aa25480db",
                "sha256:80402cd6ee291dcb72644d6eac93785fe2c8b9cb30893c1af5b8fdd753b9d40f",
                "sha256:8465322196c8b4d7ab6d1e049e4c5cb460d0394da4a27d23cc242fbf0034b6b5",
                "sha256:86216b5cee4b06df986d214f664305142d9c76df9b6512be2738aa72a2048f99",
                "sha256:87d1351268731db79e0f8e745d92493ee2841c974128ef629dc518b937d9194c",
                "sha256:8bdb58ff7ba23002a4c5808d608e4e6c687175724f54a5dade5fa8c67b604e4d",
                "sha256:8c622a5fe39a48f78944a87d4fb8a53ee07344641b0562c540d840748571b811",
                "sha256:8d756e44e94489e49571086ef83b2bb8ce311e730092d2c34ca8f7d925cb20aa",
                "sha256:8f4a014bc36d3c57402e2977dada34f9c12300af536839dc38c0beab8878f38a",
                "sha256:9063e24fdb1e498ab71cb7419e24622516c4a04476b17a2dab57e8baa30d6e03",
                "sha256:90d558489962fd4918143277a773316e56c72da56ec7aa3dc3dbbe20fdfed15b",
                "sha256:923c0c831b7cfcb071580d3f46c4baf50f174be571576556269530f4bbd79d04",
                "sha256:95f2a5796329323b8f0512e09dbb7a1860c46a39da62ecb2324f116fa8fdc85c",
                "sha256:96b02a3dc4381e5494fad39be677abcb5e6634bf7b4fa83a6dd3112607547001",
                "sha256:9f96df6923e21816da7e0ad3fd47dd8f94b2a5ce594e00677c0013018b813458",
                "sha256:a10af20b82360ab00827f916a6058451b723b4e65030c5a18577c8b2de5b3389",
                "sha256:a50aebfa173e157099939b17f18600f72f84eed3049e743b68ad15bd69b6bf99",
                "sha256:a981a536974bbc7a512cf44ed14938cf01030a99e9b3a06dd59578882f06f985",
                "sha256:a9a8e9031d613fd2009c182b69c7b2c1ef8239a0efb1df3f7c8da66d5dd3d537",
                "sha256:ae5f4161f18c61806f411a13b0310bea87f987c7d2ecdbdaad0e94eb2e404238",
                "sha256:aed38f6e4fb3f5d6bf81bfa990a07806be9d83cf7bacef998ab1a9bd660a581f",
                "sha256:b01b88d45a6fcb69667cd6d2f7a9aeb4bf53760d7fc536bf679ec94fe9f3ff3d",
                "sha256:b261ccdec7821281dade748d088bb6e9b69e6d15b30652b74cbbac25e280b796",
                "sha256:b2b0a0c0517616b6869869f8c581d4eb2dd83a4d79e0ebcb7d373ef9956aeb0a",
                "sha256:b4a23f61ce87adf89be746c8a8974fe1c823c891d8f86eb218bb957c924bb143",
                "sha256:bd8f7df7d12c2db9fab40bdd87a7c09b1530128315d047a086fa3ae3435cb3a8",
                "sha256:beb58fe5cdb101e3a055192ac291b7a21e3b7ef4f67fa1d74e331a7f2124341c",
                "sha256:c002b4ffc0be611f0d9da932eb0f704fe2602a9a949d1f738e4c34c75b0863d5",
                "sha256:c083af607d2515612056a31f0a8d9e0fcb5876b7bfc0abad3ecd275bc4ebc2d5",
                "sha256:c180f51afb394e165eafe4ac2936a14bee3eb10debc9d9e4db8958fe36afe711",
                "sha256:c235ebd9baae02f1b77bcea61bce332cb4331dc3617d254df3323aa01ab47bd4",
                "sha256:cd70574b12bb8a4d2aaa0094515df2463cb429d8536cfb6c7ce983246983e5a6",
                "sha256:d0eccceffcb53201b5bfebb52600a5fb483a20b61da9dbc885f8b103cbe7598c",
                "sha256:d965bba47ddeec8cd560687584e88cf699fd28f192ceb452d1d7ee807c5597b7",
                "sha256:db364eca23f876da6f9e16c9da0df51aa4f104a972735574842618b8c6d999d4",
                "sha256:ddbb2551d7e0102e7252db79ba445cdab71b26640817ab1e3e3648dad515003b",
                "sha256:deb6be0ac38ece9ba87dea880e438f25ca3eddfac8b002a2ec3d9183a454e8ae",
                "sha256:e06ed3eb3218bc64786f7db41917d4e686cc4856944f53d5bdf83a6884432e12",
                "sha256:e27ad930a842b4c5eb8ac0016b0a54f5aebbe679340c26101df33424142c143c",
                "sha256:e537484df0d8f426ce2afb2d0f8e1c3d0b114b83f8850e5f2fbea0e797bd82ae",
                "sha256:eb00ed941194665c332bf8e078baf037d6c35d7c4f3102ea2d4f16ca94a26dc8",
                "sha256:eb6904c354526e758fda7167b33005998fb68c46fbc10e013ca97f21ca5c8887",
                "sha256:eb8821e09e916165e160797a6c17edda0679379a4be5c716c260e836e122f54b",
                "sha256:efcb3f6676480691518c177e3b465bcddf57cea040302f9f4e6e191af91174d4",
                "sha256:f27273b60488abe721a075bcca6d7f3964f9f6f067c8c4c605743023d7d3944f",
                "sha256:f30c3cb33b24454a82faecaf01b19c18562b1e89558fb6c56de4d9118a032fd5",
                "sha256:fb69256e180cb6c8a894fee62b3afebae785babc1ee98b81cdf68bbca1987f33",
                "sha256:fd1abc0d89e30cc4e02e4064dc67fcc51bd941eb395c502aac3ec19fab46b519",
                "sha256:ff8fa367d09b717b2a17a052544193ad76cd49979c805768879cb63d9ca50561"
            ],
            "markers": "python_full_version >= '3.7.0'",
            "version": "==3.3.2"
        },
        "click": {
            "hashes": [
                "sha256:ae74fb96c20a0277a1d615f1e4d73c8414f5a98db8b799a7931d1582f3390c28",
                "sha256:ca9853ad459e787e2192211578cc907e7594e294c7ccc834310722b41b9ca6de"
            ],
            "markers": "python_version >= '3.7'",
            "version": "==8.1.7"
        },
        "colorama": {
            "hashes": [
                "sha256:08695f5cb7ed6e0531a20572697297273c47b8cae5a63ffc6d6ed5c201be6e44",
                "sha256:4f1d9991f5acc0ca119f9d443620b77f9d6b33703e51011c16baf57afb285fc6"
            ],
            "markers": "platform_system == 'Windows'",
            "version": "==0.4.6"
        },
        "cryptography": {
            "hashes": [
                "sha256:0c327cac00f082013c7c9fb6c46b7cc9fa3c288ca702c74773968173bda421bf",
                "sha256:0d2a6a598847c46e3e321a7aef8af1436f11c27f1254933746304ff014664d84",
                "sha256:227ec057cd32a41c6651701abc0328135e472ed450f47c2766f23267b792a88e",
                "sha256:22892cc830d8b2c89ea60148227631bb96a7da0c1b722f2aac8824b1b7c0b6b8",
                "sha256:392cb88b597247177172e02da6b7a63deeff1937fa6fec3bbf902ebd75d97ec7",
                "sha256:3be3ca726e1572517d2bef99a818378bbcf7d7799d5372a46c79c29eb8d166c1",
                "sha256:573eb7128cbca75f9157dcde974781209463ce56b5804983e11a1c462f0f4e88",
                "sha256:580afc7b7216deeb87a098ef0674d6ee34ab55993140838b14c9b83312b37b86",
                "sha256:5a70187954ba7292c7876734183e810b728b4f3965fbe571421cb2434d279179",
                "sha256:73801ac9736741f220e20435f84ecec75ed70eda90f781a148f1bad546963d81",
                "sha256:7d208c21e47940369accfc9e85f0de7693d9a5d843c2509b3846b2db170dfd20",
                "sha256:8254962e6ba1f4d2090c44daf50a547cd5f0bf446dc658a8e5f8156cae0d8548",
                "sha256:88417bff20162f635f24f849ab182b092697922088b477a7abd6664ddd82291d",
                "sha256:a48e74dad1fb349f3dc1d449ed88e0017d792997a7ad2ec9587ed17405667e6d",
                "sha256:b948e09fe5fb18517d99994184854ebd50b57248736fd4c720ad540560174ec5",
                "sha256:c707f7afd813478e2019ae32a7c49cd932dd60ab2d2a93e796f68236b7e1fbf1",
                "sha256:d38e6031e113b7421db1de0c1b1f7739564a88f1684c6b89234fbf6c11b75147",
                "sha256:d3977f0e276f6f5bf245c403156673db103283266601405376f075c849a0b936",
                "sha256:da6a0ff8f1016ccc7477e6339e1d50ce5f59b88905585f77193ebd5068f1e797",
                "sha256:e270c04f4d9b5671ebcc792b3ba5d4488bf7c42c3c241a3748e2599776f29696",
                "sha256:e886098619d3815e0ad5790c973afeee2c0e6e04b4da90b88e6bd06e2a0b1b72",
                "sha256:ec3b055ff8f1dce8e6ef28f626e0972981475173d7973d63f271b29c8a2897da",
                "sha256:fba1e91467c65fe64a82c689dc6cf58151158993b13eb7a7f3f4b7f395636723"
            ],
            "markers": "python_version >= '3.7'",
            "version": "==41.0.5"
        },
        "decorator": {
            "hashes": [
                "sha256:637996211036b6385ef91435e4fae22989472f9d571faba8927ba8253acbc330",
                "sha256:b8c3f85900b9dc423225913c5aace94729fe1fa9763b38939a95226f02d37186"
            ],
            "markers": "python_version >= '3.5'",
            "version": "==5.1.1"
        },
        "et-xmlfile": {
            "hashes": [
                "sha256:8eb9e2bc2f8c97e37a2dc85a09ecdcdec9d8a396530a6d5a33b30b9a92da0c5c",
                "sha256:a2ba85d1d6a74ef63837eed693bcb89c3f752169b0e3e7ae5b16ca5e1b3deada"
            ],
            "markers": "python_version >= '3.6'",
            "version": "==1.1.0"
        },
        "html5lib": {
            "hashes": [
                "sha256:0d78f8fde1c230e99fe37986a60526d7049ed4bf8a9fadbad5f00e22e58e041d",
                "sha256:b2e5b40261e20f354d198eae92afc10d750afb487ed5e50f9c4eaf07c184146f"
            ],
            "markers": "python_version >= '2.7' and python_version not in '3.0, 3.1, 3.2, 3.3, 3.4'",
            "version": "==1.1"
        },
        "idna": {
            "hashes": [
                "sha256:814f528e8dead7d329833b91c5faa87d60bf71824cd12a7530b5526063d02cb4",
                "sha256:90b77e79eaa3eba6de819a0c442c0b4ceefc341a7a2ab77d7562bf49f425c5c2"
            ],
            "markers": "python_version >= '3.5'",
            "version": "==3.4"
        },
        "jellyfish": {
            "hashes": [
                "sha256:0433e99e94b6e13bc8af3236c6a80ccf70d75fd25eecb692022aa7f3efb3c0ec",
                "sha256:05d89204cfb45ca0fb0a5e8eb8a74ed11440dce22c40bf48568b6e5128cbda34",
                "sha256:067c0360576542f48dec9c61575e594589be22614a453085ed5f393a934085ac",
                "sha256:08bb36564b076a063c61a531fac1b5e2b07ecab9873df4d67c3d72460c79b127",
                "sha256:0b0051d2105ff76a87950cd8604b3f964fef4e6d0b83f9832e920835826436c7",
                "sha256:0fb0a463fc40d6b885f5cfcdb1638d6b096a56053e02819db37f16121ae831e6",
                "sha256:29a736569aec9e2c96f7e3b3ba16f4309f538867c947a436f1f0a7932fe6cb46",
                "sha256:2da658184d12a9a1ee1173f3c253ff4e8add8846cbc98e0d3d97ab36033db902",
                "sha256:319b72b1cc43835010ddb8184f0d06eeda5520a815ec6848dbf1ca74a897e734",
                "sha256:31b3def6f80ec1c63a91bf14e3083bf7f081ef1661dfaa5a91d29aafc9a519f6",
                "sha256:3e9f74a3c85951f753be932a6eb3b226436dcfaa655893b6030cd5f49f09096a",
                "sha256:44329a8a7687d0d8fb6f4389f78b4d6a7cf8e3b683ff5e0e0ce10bb260c0a5fa",
                "sha256:47190758ed11de7206fe7eae4ddb51616ad3e5ffb624dd90b96fe29d179383a1",
                "sha256:483c4655ef908b1b5c2c52d97c839f383d4ed3471553b1e9c6f7337b5875f896",
                "sha256:48483138cdbac8b06250ac36e5d27dc7145511ebec3c9232e3d56e676f69415d",
                "sha256:486117a0158263ecec9ea54071c25819253bd4ec0d325752b2dc5830b04c7d0e",
                "sha256:4dfb477ecc9b5b878a4f7f8d8e6a932d73ddf10b2c0fcbbe3a7d8d40426f0297",
                "sha256:56ae9c53ced7c26917cd9de346688baff7303898d3917355d920de15d7aedea4",
                "sha256:56ed38d549bb59718f8b5e17645e514d6bf8c633d72f70839fee1eab1484b630",
                "sha256:57b2e7c452581450c3550373393714ebcf5c2dc445d5744ec74846648c140aee",
                "sha256:595a74dcd06814b0e62e7a5d3c6a349f5e552697f50549bbd49a86f7ea093b80",
                "sha256:5d8db82b194768ca82b74d860ed5739a70737b96c572735e25bea00ef00e01f8",
                "sha256:5e916c119e32ac66abe18d9112d2a31b439dff7125b648671e4bf12f46b04205",
                "sha256:5f1fbe4a3ee9f0a76ab88a269e2577ef7815fcaa5960e6a2015b50fcbdee5676",
                "sha256:652f5a3526132ea092209402d28274b1027777aeb4257fd87a3b7fca5832bae3",
                "sha256:69f6b5f89383705834877b86100cf5a49c985a200076524b1c24ceb9e25916e5",
                "sha256:6be50a09ca528af4c3d197160eb90fe68cc1e76dff316770f0dc092b1ce8543b",
                "sha256:74d766394d7148a3cd177cb046592b6e2f3c9ee6a245791bd5454369e6dc7f8a",
                "sha256:77e827f06861ddabeb147f352ef3848e686666098d76b2e41466a7d8d84c9606",
                "sha256:78334b1f8240a6a6f09efa8255e83ff5e8d2318e7e3e922f9bbfb3f5256d9404",
                "sha256:784fcc444d74a13595b7f9e18989470d2f8456b1d5ba95a82b2099d7fe0a0918",
                "sha256:7aae0205a3d2d20f4175139126c2e7c79b541fa14daab264508b4308546d779f",
                "sha256:7b7a471e00c7410362617363fc59d534e400aed40b6b740580d3e7a852e91571",
                "sha256:87a9755a393f9233d7a9afe6c5bd5b5c1910c3c2832ba8562bc4a694b481408a",
                "sha256:8e6826e9274a790504e252c94e0c21c79b82398b837a3a3275d5528d3b6144ee",
                "sha256:960b621e234abbf9c612448ce4c99055fd71c7ff8ae722bdae28d927fbe1a59e",
                "sha256:9a15a391e21e0d7055de04720c95fbbb5ae184a3c87ef079688d456ce51d3cef",
                "sha256:9a5a8fa58e70ad8e9c112fd09f7f9c3581a7fe3b5dba5a4094aaaa91125f854d",
                "sha256:ac72ccbb6798816f953e0b4f2452db59d560c0e74be36c58524246861b2b1978",
                "sha256:ad21cf68d3c7989cb98c40a41e200a00bf03097550c44f87488e7db61b8341e6",
                "sha256:b26c2bc4cdd6aaaae74b3aa63f2c9c60ac1b07e89d499732698e12f3aa7fc434",
                "sha256:bbf7bc3674e616f1dee4430a78faf6c6d6b2eb47d86deed834cd93668a1a7cb4",
                "sha256:bdb20cb00f7a2051f46676625cc0a00cb2395c5eb31aa462e3f3f1706a07d5d7",
                "sha256:c7a50dbcbf36326bfd93b40b967978c9628b9089f9c278d0b77a37db600815a8",
                "sha256:c8b3ad146420556cb1286b9b96d3cf628e59ca4639ba6a060b0934c16f2376b1",
                "sha256:cb398256f4bf2ae5604266f22783070d02e920da2c7f7dff52a6f21ea332f266",
                "sha256:cf4757b15e257b44d0942ec9c1582b793b7e2e8f4c499a73ed196ad08cdffef8",
                "sha256:d4000d6d4cf5abf1fbd354948be4647a593864a542dc6c3c5622af63465af7d8",
                "sha256:dde61fc6f8927064acf2b8699207baa1294f60b517e61f523617e78d5c957cba",
                "sha256:ef9e13b75382fe504d77e48c13adb963f27206ef93f74d3bc634bef70afb3427",
                "sha256:f388a539fb3c4742f2bc96d014abc208e4b4ccaa36e4778c8ac03c04e45b5be4",
                "sha256:f664520189e3ae16e0b5fee21f19d15c8926e2320fd195ccc65d96390d9e9689",
                "sha256:f83a3d42808d682f74619f63afe23284e3d80f9fc4912ed868b21671c9d124b2",
                "sha256:fd50e1bff0ada0faa3d76c844c91ea7159737c689f1afbb32a3e0e767d5f334d"
            ],
            "markers": "python_version >= '3.7'",
            "version": "==1.0.1"
        },
        "marshmallow": {
            "hashes": [
                "sha256:5d2371bbe42000f2b3fb5eaa065224df7d8f8597bc19a1bbfa5bfe7fba8da889",
                "sha256:684939db93e80ad3561392f47be0230743131560a41c5110684c16e21ade0a5c"
            ],
            "markers": "python_version >= '3.8'",
            "version": "==3.20.1"
        },
        "openpyxl": {
            "hashes": [
                "sha256:a6f5977418eff3b2d5500d54d9db50c8277a368436f4e4f8ddb1be3422870184",
                "sha256:f91456ead12ab3c6c2e9491cf33ba6d08357d802192379bb482f1033ade496f5"
            ],
            "markers": "python_version >= '3.6'",
            "version": "==3.1.2"
        },
        "packaging": {
            "hashes": [
                "sha256:048fb0e9405036518eaaf48a55953c750c11e1a1b68e0dd1a9d62ed0c092cfc5",
                "sha256:8c491190033a9af7e1d931d0b5dacc2ef47509b34dd0de67ed209b5203fc88c7"
            ],
            "markers": "python_version >= '3.7'",
            "version": "==23.2"
        },
        "pdfminer.six": {
            "hashes": [
                "sha256:1eaddd712d5b2732f8ac8486824533514f8ba12a0787b3d5fe1e686cd826532d",
                "sha256:8448ab7b939d18b64820478ecac5394f482d7a79f5f7eaa7703c6c959c175e1d"
            ],
            "markers": "python_version >= '3.6'",
            "version": "==20221105"
        },
        "pdfplumber": {
            "hashes": [
                "sha256:4dd78ff1c62b99da8139daf5b62747613f6f0e970f225a3e911862e296599375",
                "sha256:7cb73f382278967db8d0e681f67aca82b41c32861df1d85f9f6a2cf18a175fa8"
            ],
            "markers": "python_version >= '3.8'",
            "version": "==0.10.3"
        },
        "pillow": {
            "hashes": [
                "sha256:00f438bb841382b15d7deb9a05cc946ee0f2c352653c7aa659e75e592f6fa17d",
                "sha256:0248f86b3ea061e67817c47ecbe82c23f9dd5d5226200eb9090b3873d3ca32de",
                "sha256:04f6f6149f266a100374ca3cc368b67fb27c4af9f1cc8cb6306d849dcdf12616",
                "sha256:062a1610e3bc258bff2328ec43f34244fcec972ee0717200cb1425214fe5b839",
                "sha256:0a026c188be3b443916179f5d04548092e253beb0c3e2ee0a4e2cdad72f66099",
                "sha256:0f7c276c05a9767e877a0b4c5050c8bee6a6d960d7f0c11ebda6b99746068c2a",
                "sha256:1a8413794b4ad9719346cd9306118450b7b00d9a15846451549314a58ac42219",
                "sha256:1ab05f3db77e98f93964697c8efc49c7954b08dd61cff526b7f2531a22410106",
                "sha256:1c3ac5423c8c1da5928aa12c6e258921956757d976405e9467c5f39d1d577a4b",
                "sha256:1c41d960babf951e01a49c9746f92c5a7e0d939d1652d7ba30f6b3090f27e412",
                "sha256:1fafabe50a6977ac70dfe829b2d5735fd54e190ab55259ec8aea4aaea412fa0b",
                "sha256:1fb29c07478e6c06a46b867e43b0bcdb241b44cc52be9bc25ce5944eed4648e7",
                "sha256:24fadc71218ad2b8ffe437b54876c9382b4a29e030a05a9879f615091f42ffc2",
                "sha256:2cdc65a46e74514ce742c2013cd4a2d12e8553e3a2563c64879f7c7e4d28bce7",
                "sha256:2ef6721c97894a7aa77723740a09547197533146fba8355e86d6d9a4a1056b14",
                "sha256:3b834f4b16173e5b92ab6566f0473bfb09f939ba14b23b8da1f54fa63e4b623f",
                "sha256:3d929a19f5469b3f4df33a3df2983db070ebb2088a1e145e18facbc28cae5b27",
                "sha256:41f67248d92a5e0a2076d3517d8d4b1e41a97e2df10eb8f93106c89107f38b57",
                "sha256:47e5bf85b80abc03be7455c95b6d6e4896a62f6541c1f2ce77a7d2bb832af262",
                "sha256:4d0152565c6aa6ebbfb1e5d8624140a440f2b99bf7afaafbdbf6430426497f28",
                "sha256:50d08cd0a2ecd2a8657bd3d82c71efd5a58edb04d9308185d66c3a5a5bed9610",
                "sha256:61f1a9d247317fa08a308daaa8ee7b3f760ab1809ca2da14ecc88ae4257d6172",
                "sha256:6932a7652464746fcb484f7fc3618e6503d2066d853f68a4bd97193a3996e273",
                "sha256:7a7e3daa202beb61821c06d2517428e8e7c1aab08943e92ec9e5755c2fc9ba5e",
                "sha256:7dbaa3c7de82ef37e7708521be41db5565004258ca76945ad74a8e998c30af8d",
                "sha256:7df5608bc38bd37ef585ae9c38c9cd46d7c81498f086915b0f97255ea60c2818",
                "sha256:806abdd8249ba3953c33742506fe414880bad78ac25cc9a9b1c6ae97bedd573f",
                "sha256:883f216eac8712b83a63f41b76ddfb7b2afab1b74abbb413c5df6680f071a6b9",
                "sha256:912e3812a1dbbc834da2b32299b124b5ddcb664ed354916fd1ed6f193f0e2d01",
                "sha256:937bdc5a7f5343d1c97dc98149a0be7eb9704e937fe3dc7140e229ae4fc572a7",
                "sha256:9882a7451c680c12f232a422730f986a1fcd808da0fd428f08b671237237d651",
                "sha256:9a92109192b360634a4489c0c756364c0c3a2992906752165ecb50544c251312",
                "sha256:9d7bc666bd8c5a4225e7ac71f2f9d12466ec555e89092728ea0f5c0c2422ea80",
                "sha256:a5f63b5a68daedc54c7c3464508d8c12075e56dcfbd42f8c1bf40169061ae666",
                "sha256:a646e48de237d860c36e0db37ecaecaa3619e6f3e9d5319e527ccbc8151df061",
                "sha256:a89b8312d51715b510a4fe9fc13686283f376cfd5abca8cd1c65e4c76e21081b",
                "sha256:a92386125e9ee90381c3369f57a2a50fa9e6aa8b1cf1d9c4b200d41a7dd8e992",
                "sha256:ae88931f93214777c7a3aa0a8f92a683f83ecde27f65a45f95f22d289a69e593",
                "sha256:afc8eef765d948543a4775f00b7b8c079b3321d6b675dde0d02afa2ee23000b4",
                "sha256:b0eb01ca85b2361b09480784a7931fc648ed8b7836f01fb9241141b968feb1db",
                "sha256:b1c25762197144e211efb5f4e8ad656f36c8d214d390585d1d21281f46d556ba",
                "sha256:b4005fee46ed9be0b8fb42be0c20e79411533d1fd58edabebc0dd24626882cfd",
                "sha256:b920e4d028f6442bea9a75b7491c063f0b9a3972520731ed26c83e254302eb1e",
                "sha256:baada14941c83079bf84c037e2d8b7506ce201e92e3d2fa0d1303507a8538212",
                "sha256:bb40c011447712d2e19cc261c82655f75f32cb724788df315ed992a4d65696bb",
                "sha256:c0949b55eb607898e28eaccb525ab104b2d86542a85c74baf3a6dc24002edec2",
                "sha256:c9aeea7b63edb7884b031a35305629a7593272b54f429a9869a4f63a1bf04c34",
                "sha256:cfe96560c6ce2f4c07d6647af2d0f3c54cc33289894ebd88cfbb3bcd5391e256",
                "sha256:d27b5997bdd2eb9fb199982bb7eb6164db0426904020dc38c10203187ae2ff2f",
                "sha256:d921bc90b1defa55c9917ca6b6b71430e4286fc9e44c55ead78ca1a9f9eba5f2",
                "sha256:e6bf8de6c36ed96c86ea3b6e1d5273c53f46ef518a062464cd7ef5dd2cf92e38",
                "sha256:eaed6977fa73408b7b8a24e8b14e59e1668cfc0f4c40193ea7ced8e210adf996",
                "sha256:fa1d323703cfdac2036af05191b969b910d8f115cf53093125e4058f62012c9a",
                "sha256:fe1e26e1ffc38be097f0ba1d0d07fcade2bcfd1d023cda5b29935ae8052bd793"
            ],
            "markers": "python_version >= '3.8'",
            "version": "==10.1.0"
        },
        "py": {
            "hashes": [
                "sha256:51c75c4126074b472f746a24399ad32f6053d1b34b68d2fa41e558e6f4a98719",
                "sha256:607c53218732647dff4acdfcd50cb62615cedf612e72d1724fb1a0cc6405b378"
            ],
            "markers": "python_version >= '2.7' and python_version not in '3.0, 3.1, 3.2, 3.3, 3.4'",
            "version": "==1.11.0"
        },
        "pycparser": {
            "hashes": [
                "sha256:8ee45429555515e1f6b185e78100aea234072576aa43ab53aefcae078162fca9",
                "sha256:e644fdec12f7872f86c58ff790da456218b10f863970249516d60a5eaca77206"
            ],
            "version": "==2.21"
        },
        "pypdfium2": {
            "hashes": [
                "sha256:0ba71ed043e3ceb6ec5ec42b92b6f6d57b6898d01b97507effb23f56eb590df7",
                "sha256:174e861b379fec77b6f3b331b2a387eac074f65143b435aac1c42321a401ff9c",
                "sha256:1bbd3f42303f5d64b758476a1fbae42d3f92e2c7a756a7a6bfbd82349e1d148b",
                "sha256:5c2094d33079317e33024cc4b6bb14b747cc04980088507a152535602e71beb4",
                "sha256:5d71ce895771df35ff9e7d8894dc4a8ae26b13117871650195a948c4f968a6a8",
                "sha256:617683223ce05a0749464b8c213ce109eb1eac6797e4bd119b7fe10be459fa3f",
                "sha256:67c9badf3325db24b5c4588515d4eaccc874077f7812fda6f6e07fee96857ec7",
                "sha256:76ec36620c4bf6774f75da4cd14298b72b040750d98ce657add66744c07c0322",
                "sha256:792804884a2587d0acf3196a09d2b1b99f5be3639a052b6ce1f00c88335f262a",
                "sha256:abcb6a2f2f9de6ac1a632e3505a3e44218d3ed8c469e4585e6dab68c0da9077f",
                "sha256:bd00466a13f9c771b5e448201899558b9157488af5392d0c6ce2525cdc2cbbe4",
                "sha256:dcb8c35bb0bac415eee572f9c019496830779393dddd7bf245a9cb5d1ca1fa88",
                "sha256:fb100d7128ff657974cc3a4e0a6cfb8dbfaff2ec539a669cd3dd462c2d32bd21"
            ],
            "markers": "python_version >= '3.6'",
            "version": "==4.23.1"
        },
        "requests": {
            "hashes": [
                "sha256:58cd2187c01e70e6e26505bca751777aa9f2ee0b7f4300988b709f44e013003f",
                "sha256:942c5a758f98d790eaed1a29cb6eefc7ffb0d1cf7af05c3d2791656dbd6ad1e1"
            ],
            "markers": "python_version >= '3.7'",
            "version": "==2.31.0"
        },
        "retry": {
            "hashes": [
                "sha256:ccddf89761fa2c726ab29391837d4327f819ea14d244c232a1d24c67a2f98606",
                "sha256:f8bfa8b99b69c4506d6f5bd3b0aabf77f98cdb17f3c9fc3f5ca820033336fba4"
            ],
            "version": "==0.9.2"
        },
        "six": {
            "hashes": [
                "sha256:1e61c37477a1626458e36f7b1d82aa5c9b094fa4802892072e49de9c60c4c926",
                "sha256:8abb2f1d86890a2dfb989f9a77cfcfd3e47c2a354b01111771326f8aa26e0254"
            ],
            "markers": "python_version >= '2.7' and python_version not in '3.0, 3.1, 3.2, 3.3'",
            "version": "==1.16.0"
        },
        "soupsieve": {
            "hashes": [
                "sha256:5663d5a7b3bfaeee0bc4372e7fc48f9cff4940b3eec54a6451cc5299f1097690",
                "sha256:eaa337ff55a1579b6549dc679565eac1e3d000563bcb1c8ab0d0fefbc0c2cdc7"
            ],
            "markers": "python_version >= '3.8'",
            "version": "==2.5"
        },
        "tenacity": {
            "hashes": [
                "sha256:5398ef0d78e63f40007c1fb4c0bff96e1911394d2fa8d194f77619c05ff6cc8a",
                "sha256:ce510e327a630c9e1beaf17d42e6ffacc88185044ad85cf74c0a8887c6a0f88c"
            ],
            "markers": "python_version >= '3.7'",
            "version": "==8.2.3"
        },
        "urllib3": {
            "hashes": [
                "sha256:c97dfde1f7bd43a71c8d2a58e369e9b2bf692d1334ea9f9cae55add7d0dd0f84",
                "sha256:fdb6d215c776278489906c2f8916e6e7d4f5a9b602ccbcfdf7f016fc8da0596e"
            ],
            "markers": "python_version >= '3.7'",
            "version": "==2.0.7"
        },
        "warn-scraper": {
            "hashes": [
                "sha256:1c7521898ac7f68fd4f8a5a9d22f44b55a493eda14ddb68e91a7184eddd89871",
                "sha256:5af9a4f64bcca1b93d0780c11ff476967f504d96dfc02c120f0b0618d90d5e3d"
            ],
            "index": "pypi",
            "version": "==1.2.51"
        },
        "warn-transformer": {
            "hashes": [
                "sha256:3c6e95f848f094f14131c0dbddd08ec8edb132ffdf8040ec1136f4515ca214d5",
                "sha256:c4f3f3b1404ee19913d81becbc4f386e34d1882ee0c0352652d0c258a0f63945"
            ],
            "index": "pypi",
            "version": "==1.3.85"
        },
        "webencodings": {
            "hashes": [
                "sha256:a0af1213f3c2226497a97e2b3aa01a7e4bee4f403f95be16fc9acd2947514a78",
                "sha256:b36a1c245f2d304965eb4e0a82848379241dc04b865afcc4aab16748587e1923"
            ],
            "version": "==0.5.1"
        },
        "xlrd": {
            "hashes": [
                "sha256:6a33ee89877bd9abc1158129f6e94be74e2679636b8a205b43b85206c3f0bbdd",
                "sha256:f72f148f54442c6b056bf931dbc34f986fd0c3b0b6b5a58d013c9aef274d0c88"
            ],
            "markers": "python_version >= '2.7' and python_version not in '3.0, 3.1, 3.2, 3.3, 3.4, 3.5'",
            "version": "==2.0.1"
        }
    },
    "develop": {
        "colorama": {
            "hashes": [
                "sha256:08695f5cb7ed6e0531a20572697297273c47b8cae5a63ffc6d6ed5c201be6e44",
                "sha256:4f1d9991f5acc0ca119f9d443620b77f9d6b33703e51011c16baf57afb285fc6"
            ],
            "markers": "platform_system == 'Windows'",
            "version": "==0.4.6"
        },
        "exceptiongroup": {
            "hashes": [
                "sha256:097acd85d473d75af5bb98e41b61ff7fe35efe6675e4f9370ec6ec5126d160e9",
                "sha256:343280667a4585d195ca1cf9cef84a4e178c4b6cf2274caef9859782b567d5e3"
            ],
            "markers": "python_version < '3.11'",
            "version": "==1.1.3"
        },
        "iniconfig": {
            "hashes": [
                "sha256:2d91e135bf72d31a410b17c16da610a82cb55f6b0477d1a902134b24a455b8b3",
                "sha256:b6a85871a79d2e3b22d2d1b94ac2824226a63c6b741c88f7ae975f18b6778374"
            ],
            "markers": "python_version >= '3.7'",
            "version": "==2.0.0"
        },
        "packaging": {
            "hashes": [
                "sha256:048fb0e9405036518eaaf48a55953c750c11e1a1b68e0dd1a9d62ed0c092cfc5",
                "sha256:8c491190033a9af7e1d931d0b5dacc2ef47509b34dd0de67ed209b5203fc88c7"
            ],
            "markers": "python_version >= '3.7'",
            "version": "==23.2"
        },
        "pluggy": {
            "hashes": [
                "sha256:cf61ae8f126ac6f7c451172cf30e3e43d3ca77615509771b3a984a0730651e12",
                "sha256:d89c696a773f8bd377d18e5ecda92b7a3793cbe66c87060a6fb58c7b6e1061f7"
            ],
            "markers": "python_version >= '3.8'",
            "version": "==1.3.0"
        },
        "pytest": {
            "hashes": [
                "sha256:0d009c083ea859a71b76adf7c1d502e4bc170b80a8ef002da5806527b9591fac",
                "sha256:d989d136982de4e3b29dabcc838ad581c64e8ed52c11fbe86ddebd9da0818cd5"
            ],
            "index": "pypi",
            "version": "==7.4.3"
        },
        "tomli": {
            "hashes": [
                "sha256:939de3e7a6161af0c887ef91b7d41a53e7c5a1ca976325f429cb46ea9bc30ecc",
                "sha256:de526c12914f0c550d15924c62d72abc48d6fe7364aa87328337a31007fe8a4f"
            ],
            "markers": "python_version < '3.11'",
            "version": "==2.0.1"
        }
    }
}
